<Solution>
  <Folder Name="/Solution items/">
    <File Path=".gitignore" />
  </Folder>
  <Folder Name="/Src/">
    <Project Path="Src/WebApp/WebApp.csproj" />
  </Folder>
  <Folder Name="/Src/Services/">
    <Project Path="Src/Services/WebApi/WebApi.csproj" />
  </Folder>
  <Folder Name="/Src/Services/Modules/">
    <Project Path="Src/Services/Modules/BuildingBlocks/BuildingBlocks.csproj" />
  </Folder>
  <Folder Name="/Src/Services/Modules/Identity/">
    <Project Path="Src/Services/Modules/Identity/Application/Application.csproj" />
    <Project Path="Src/Services/Modules/Identity/Domain/Domain.csproj" />
    <Project Path="Src/Services/Modules/Identity/Endpoints/Endpoints.csproj" />
    <Project Path="Src/Services/Modules/Identity/Infrastructure/Infrastructure.csproj" />
  </Folder>
  <Folder Name="/Tests/">
    <Project Path="Tests/Shared/Shared.csproj" />
  </Folder>
  <Folder Name="/Tests/Services/" />
  <Folder Name="/Tests/Services/Modules/" />
  <Folder Name="/Tests/Services/Modules/Identity/" />
  <Folder Name="/Tests/Services/Modules/Identity/UnitTests/">
    <Project Path="Tests/Services/Modules/UnitTests/Application.UnitTests/Application.UnitTests.csproj" />
  </Folder>
  <Project Path="AppHost/AppHost.csproj" />
  <Project Path="ServiceDefaults/ServiceDefaults.csproj" />
</Solution>
